
Microsoft Visual Studio Solution File, Format Version 12.00
# Visual Studio Version 17
VisualStudioVersion = 17.1.31911.260
MinimumVisualStudioVersion = 10.0.40219.1
Project("{9A19103F-16F7-4668-BE54-9A1E7A4F7556}") = "API", "API\API.csproj", "{EC653463-FB0E-487F-AE12-7FF8084671C5}"
EndProject
Project("{2150E333-8FDC-42A3-9474-1A3956D46DE8}") = "Solution Items", "Solution Items", "{88271C19-2724-4020-A00E-0BEDDA7CA1BB}"
	ProjectSection(SolutionItems) = preProject
		Dockerfile = Dockerfile
	EndProjectSection
EndProject
Project("{9A19103F-16F7-4668-BE54-9A1E7A4F7556}") = "API.Tests", "API.Tests\API.Tests.csproj", "{92E3286E-A06E-4EE6-AEF5-F09C9903B6B3}"
EndProject
Project("{2150E333-8FDC-42A3-9474-1A3956D46DE8}") = "Providers", "Providers", "{DE0340E0-B5CF-448D-8573-25B190D9391F}"
EndProject
Project("{FAE04EC0-301F-11D3-BF4B-00C04F79EFBC}") = "GetnetProvider", "GetnetProvider\GetnetProvider.csproj", "{2E32EF08-EE65-4D66-9BDC-9C571B5879B2}"
EndProject
Global
	GlobalSection(SolutionConfigurationPlatforms) = preSolution
		Debug|Any CPU = Debug|Any CPU
		Release|Any CPU = Release|Any CPU
	EndGlobalSection
	GlobalSection(ProjectConfigurationPlatforms) = postSolution
		{EC653463-FB0E-487F-AE12-7FF8084671C5}.Debug|Any CPU.ActiveCfg = Debug|Any CPU
		{EC653463-FB0E-487F-AE12-7FF8084671C5}.Debug|Any CPU.Build.0 = Debug|Any CPU
		{EC653463-FB0E-487F-AE12-7FF8084671C5}.Release|Any CPU.ActiveCfg = Release|Any CPU
		{EC653463-FB0E-487F-AE12-7FF8084671C5}.Release|Any CPU.Build.0 = Release|Any CPU
		{92E3286E-A06E-4EE6-AEF5-F09C9903B6B3}.Debug|Any CPU.ActiveCfg = Debug|Any CPU
		{92E3286E-A06E-4EE6-AEF5-F09C9903B6B3}.Debug|Any CPU.Build.0 = Debug|Any CPU
		{92E3286E-A06E-4EE6-AEF5-F09C9903B6B3}.Release|Any CPU.ActiveCfg = Release|Any CPU
		{92E3286E-A06E-4EE6-AEF5-F09C9903B6B3}.Release|Any CPU.Build.0 = Release|Any CPU
		{2E32EF08-EE65-4D66-9BDC-9C571B5879B2}.Debug|Any CPU.ActiveCfg = Debug|Any CPU
		{2E32EF08-EE65-4D66-9BDC-9C571B5879B2}.Debug|Any CPU.Build.0 = Debug|Any CPU
		{2E32EF08-EE65-4D66-9BDC-9C571B5879B2}.Release|Any CPU.ActiveCfg = Release|Any CPU
		{2E32EF08-EE65-4D66-9BDC-9C571B5879B2}.Release|Any CPU.Build.0 = Release|Any CPU
	EndGlobalSection
	GlobalSection(SolutionProperties) = preSolution
		HideSolutionNode = FALSE
	EndGlobalSection
	GlobalSection(NestedProjects) = preSolution
		{2E32EF08-EE65-4D66-9BDC-9C571B5879B2} = {DE0340E0-B5CF-448D-8573-25B190D9391F}
	EndGlobalSection
	GlobalSection(ExtensibilityGlobals) = postSolution
		SolutionGuid = {4774F27E-34FC-4902-9D44-C864FC1D6B5D}
	EndGlobalSection
EndGlobal
